// !$*UTF8*$!
{
	archiveVersion = 1;
	classes = {
	};
	objectVersion = 56;
	objects = {

/* Begin PBXBuildFile section */
		297C19702C514E5B00AEFE14 /* KickAssApp.swift in Sources */ = {isa = PBXBuildFile; fileRef = 297C196F2C514E5B00AEFE14 /* KickAssApp.swift */; };
		297C19742C514E5D00AEFE14 /* Assets.xcassets in Resources */ = {isa = PBXBuildFile; fileRef = 297C19732C514E5D00AEFE14 /* Assets.xcassets */; };
		297C19772C514E5D00AEFE14 /* Preview Assets.xcassets in Resources */ = {isa = PBXBuildFile; fileRef = 297C19762C514E5D00AEFE14 /* Preview Assets.xcassets */; };
		297C19812C51501300AEFE14 /* MapView.swift in Sources */ = {isa = PBXBuildFile; fileRef = 297C19802C51501300AEFE14 /* MapView.swift */; };
		29D229072C51541000C3CDAF /* Globals.swift in Sources */ = {isa = PBXBuildFile; fileRef = 29D229062C51541000C3CDAF /* Globals.swift */; };
		29D229092C515DE600C3CDAF /* GridModel.swift in Sources */ = {isa = PBXBuildFile; fileRef = 29D229082C515DE600C3CDAF /* GridModel.swift */; };
		29D2290B2C516BBF00C3CDAF /* MapModel.swift in Sources */ = {isa = PBXBuildFile; fileRef = 29D2290A2C516BBF00C3CDAF /* MapModel.swift */; };
		29D2290D2C51B06E00C3CDAF /* SiteMarkerModel.swift in Sources */ = {isa = PBXBuildFile; fileRef = 29D2290C2C51B06E00C3CDAF /* SiteMarkerModel.swift */; };
		29D229132C52679200C3CDAF /* MapButtonsView.swift in Sources */ = {isa = PBXBuildFile; fileRef = 29D229122C52679200C3CDAF /* MapButtonsView.swift */; };
		29D229152C526D6B00C3CDAF /* CrossHairView.swift in Sources */ = {isa = PBXBuildFile; fileRef = 29D229142C526D6B00C3CDAF /* CrossHairView.swift */; };
		29D229172C527D6C00C3CDAF /* SiteDetailView.swift in Sources */ = {isa = PBXBuildFile; fileRef = 29D229162C527D6C00C3CDAF /* SiteDetailView.swift */; };
		29D229192C52ECC400C3CDAF /* CaliperModel.swift in Sources */ = {isa = PBXBuildFile; fileRef = 29D229182C52ECC400C3CDAF /* CaliperModel.swift */; };
		29D2291B2C52EE4300C3CDAF /* ControlsView.swift in Sources */ = {isa = PBXBuildFile; fileRef = 29D2291A2C52EE4300C3CDAF /* ControlsView.swift */; };
		29D2291D2C52F80600C3CDAF /* LocationManager.swift in Sources */ = {isa = PBXBuildFile; fileRef = 29D2291C2C52F80600C3CDAF /* LocationManager.swift */; };
		29D2291F2C52FA8200C3CDAF /* LocationDeniedView.swift in Sources */ = {isa = PBXBuildFile; fileRef = 29D2291E2C52FA8200C3CDAF /* LocationDeniedView.swift */; };
		29D229212C52FB4000C3CDAF /* NavigationModel.swift in Sources */ = {isa = PBXBuildFile; fileRef = 29D229202C52FB3F00C3CDAF /* NavigationModel.swift */; };
		29D229232C52FF4500C3CDAF /* NavigationView.swift in Sources */ = {isa = PBXBuildFile; fileRef = 29D229222C52FF4500C3CDAF /* NavigationView.swift */; };
		29D229272C530D7800C3CDAF /* SettingsView.swift in Sources */ = {isa = PBXBuildFile; fileRef = 29D229262C530D7800C3CDAF /* SettingsView.swift */; };
		29D2292B2C531D8000C3CDAF /* AppManagementView.swift in Sources */ = {isa = PBXBuildFile; fileRef = 29D2292A2C531D7F00C3CDAF /* AppManagementView.swift */; };
		29D2292D2C531E1A00C3CDAF /* HuntEditView.swift in Sources */ = {isa = PBXBuildFile; fileRef = 29D2292C2C531E1A00C3CDAF /* HuntEditView.swift */; };
		29D229332C534B0F00C3CDAF /* HuntInfoModel.swift in Sources */ = {isa = PBXBuildFile; fileRef = 29D229322C534B0F00C3CDAF /* HuntInfoModel.swift */; };
		29D229352C53E0A500C3CDAF /* MessageSender.swift in Sources */ = {isa = PBXBuildFile; fileRef = 29D229342C53E0A500C3CDAF /* MessageSender.swift */; };
		29D229372C53E62C00C3CDAF /* TimerModel.swift in Sources */ = {isa = PBXBuildFile; fileRef = 29D229362C53E62C00C3CDAF /* TimerModel.swift */; };
		29D229392C53F57600C3CDAF /* ContentView.swift in Sources */ = {isa = PBXBuildFile; fileRef = 29D229382C53F57600C3CDAF /* ContentView.swift */; };
		29D2293B2C54536100C3CDAF /* ScrollButtonView.swift in Sources */ = {isa = PBXBuildFile; fileRef = 29D2293A2C54536100C3CDAF /* ScrollButtonView.swift */; };
		29D2293E2C54A42500C3CDAF /* PossibleClueView.swift in Sources */ = {isa = PBXBuildFile; fileRef = 29D2293D2C54A42500C3CDAF /* PossibleClueView.swift */; };
		29D229402C54A8FA00C3CDAF /* FoundClueView.swift in Sources */ = {isa = PBXBuildFile; fileRef = 29D2293F2C54A8FA00C3CDAF /* FoundClueView.swift */; };
		29D229422C55094E00C3CDAF /* CheckInView.swift in Sources */ = {isa = PBXBuildFile; fileRef = 29D229412C55094E00C3CDAF /* CheckInView.swift */; };
		29D229442C550BC600C3CDAF /* StartingClueView.swift in Sources */ = {isa = PBXBuildFile; fileRef = 29D229432C550BC600C3CDAF /* StartingClueView.swift */; };
		29D229462C550D8600C3CDAF /* JackAssSiteView.swift in Sources */ = {isa = PBXBuildFile; fileRef = 29D229452C550D8600C3CDAF /* JackAssSiteView.swift */; };
		29EC9DFF2C593D2D005CC3C9 /* StatusBarView.swift in Sources */ = {isa = PBXBuildFile; fileRef = 29EC9DFE2C593D2D005CC3C9 /* StatusBarView.swift */; };
		29EC9E012C593F5C005CC3C9 /* PreHuntStatusBarView.swift in Sources */ = {isa = PBXBuildFile; fileRef = 29EC9E002C593F5C005CC3C9 /* PreHuntStatusBarView.swift */; };
		29EC9E032C593FDF005CC3C9 /* HuntStatusBarView.swift in Sources */ = {isa = PBXBuildFile; fileRef = 29EC9E022C593FDF005CC3C9 /* HuntStatusBarView.swift */; };
/* End PBXBuildFile section */

/* Begin PBXFileReference section */
		297C196C2C514E5B00AEFE14 /* KickAss.app */ = {isa = PBXFileReference; explicitFileType = wrapper.application; includeInIndex = 0; path = KickAss.app; sourceTree = BUILT_PRODUCTS_DIR; };
		297C196F2C514E5B00AEFE14 /* KickAssApp.swift */ = {isa = PBXFileReference; lastKnownFileType = sourcecode.swift; path = KickAssApp.swift; sourceTree = "<group>"; };
		297C19732C514E5D00AEFE14 /* Assets.xcassets */ = {isa = PBXFileReference; lastKnownFileType = folder.assetcatalog; path = Assets.xcassets; sourceTree = "<group>"; };
		297C19762C514E5D00AEFE14 /* Preview Assets.xcassets */ = {isa = PBXFileReference; lastKnownFileType = folder.assetcatalog; path = "Preview Assets.xcassets"; sourceTree = "<group>"; };
		297C19802C51501300AEFE14 /* MapView.swift */ = {isa = PBXFileReference; lastKnownFileType = sourcecode.swift; path = MapView.swift; sourceTree = "<group>"; };
		29D229062C51541000C3CDAF /* Globals.swift */ = {isa = PBXFileReference; lastKnownFileType = sourcecode.swift; path = Globals.swift; sourceTree = "<group>"; };
		29D229082C515DE600C3CDAF /* GridModel.swift */ = {isa = PBXFileReference; lastKnownFileType = sourcecode.swift; path = GridModel.swift; sourceTree = "<group>"; };
		29D2290A2C516BBF00C3CDAF /* MapModel.swift */ = {isa = PBXFileReference; lastKnownFileType = sourcecode.swift; path = MapModel.swift; sourceTree = "<group>"; };
		29D2290C2C51B06E00C3CDAF /* SiteMarkerModel.swift */ = {isa = PBXFileReference; lastKnownFileType = sourcecode.swift; path = SiteMarkerModel.swift; sourceTree = "<group>"; };
		29D229122C52679200C3CDAF /* MapButtonsView.swift */ = {isa = PBXFileReference; lastKnownFileType = sourcecode.swift; path = MapButtonsView.swift; sourceTree = "<group>"; };
		29D229142C526D6B00C3CDAF /* CrossHairView.swift */ = {isa = PBXFileReference; lastKnownFileType = sourcecode.swift; path = CrossHairView.swift; sourceTree = "<group>"; };
		29D229162C527D6C00C3CDAF /* SiteDetailView.swift */ = {isa = PBXFileReference; lastKnownFileType = sourcecode.swift; path = SiteDetailView.swift; sourceTree = "<group>"; };
		29D229182C52ECC400C3CDAF /* CaliperModel.swift */ = {isa = PBXFileReference; lastKnownFileType = sourcecode.swift; path = CaliperModel.swift; sourceTree = "<group>"; };
		29D2291A2C52EE4300C3CDAF /* ControlsView.swift */ = {isa = PBXFileReference; lastKnownFileType = sourcecode.swift; path = ControlsView.swift; sourceTree = "<group>"; };
		29D2291C2C52F80600C3CDAF /* LocationManager.swift */ = {isa = PBXFileReference; lastKnownFileType = sourcecode.swift; path = LocationManager.swift; sourceTree = "<group>"; };
		29D2291E2C52FA8200C3CDAF /* LocationDeniedView.swift */ = {isa = PBXFileReference; lastKnownFileType = sourcecode.swift; path = LocationDeniedView.swift; sourceTree = "<group>"; };
		29D229202C52FB3F00C3CDAF /* NavigationModel.swift */ = {isa = PBXFileReference; lastKnownFileType = sourcecode.swift; path = NavigationModel.swift; sourceTree = "<group>"; };
		29D229222C52FF4500C3CDAF /* NavigationView.swift */ = {isa = PBXFileReference; lastKnownFileType = sourcecode.swift; path = NavigationView.swift; sourceTree = "<group>"; };
		29D229262C530D7800C3CDAF /* SettingsView.swift */ = {isa = PBXFileReference; lastKnownFileType = sourcecode.swift; path = SettingsView.swift; sourceTree = "<group>"; };
		29D2292A2C531D7F00C3CDAF /* AppManagementView.swift */ = {isa = PBXFileReference; lastKnownFileType = sourcecode.swift; path = AppManagementView.swift; sourceTree = "<group>"; };
		29D2292C2C531E1A00C3CDAF /* HuntEditView.swift */ = {isa = PBXFileReference; lastKnownFileType = sourcecode.swift; path = HuntEditView.swift; sourceTree = "<group>"; };
		29D229322C534B0F00C3CDAF /* HuntInfoModel.swift */ = {isa = PBXFileReference; lastKnownFileType = sourcecode.swift; path = HuntInfoModel.swift; sourceTree = "<group>"; };
		29D229342C53E0A500C3CDAF /* MessageSender.swift */ = {isa = PBXFileReference; lastKnownFileType = sourcecode.swift; path = MessageSender.swift; sourceTree = "<group>"; };
		29D229362C53E62C00C3CDAF /* TimerModel.swift */ = {isa = PBXFileReference; lastKnownFileType = sourcecode.swift; path = TimerModel.swift; sourceTree = "<group>"; };
		29D229382C53F57600C3CDAF /* ContentView.swift */ = {isa = PBXFileReference; lastKnownFileType = sourcecode.swift; path = ContentView.swift; sourceTree = "<group>"; };
		29D2293A2C54536100C3CDAF /* ScrollButtonView.swift */ = {isa = PBXFileReference; lastKnownFileType = sourcecode.swift; path = ScrollButtonView.swift; sourceTree = "<group>"; };
		29D2293D2C54A42500C3CDAF /* PossibleClueView.swift */ = {isa = PBXFileReference; lastKnownFileType = sourcecode.swift; path = PossibleClueView.swift; sourceTree = "<group>"; };
		29D2293F2C54A8FA00C3CDAF /* FoundClueView.swift */ = {isa = PBXFileReference; lastKnownFileType = sourcecode.swift; path = FoundClueView.swift; sourceTree = "<group>"; };
		29D229412C55094E00C3CDAF /* CheckInView.swift */ = {isa = PBXFileReference; lastKnownFileType = sourcecode.swift; path = CheckInView.swift; sourceTree = "<group>"; };
		29D229432C550BC600C3CDAF /* StartingClueView.swift */ = {isa = PBXFileReference; lastKnownFileType = sourcecode.swift; path = StartingClueView.swift; sourceTree = "<group>"; };
		29D229452C550D8600C3CDAF /* JackAssSiteView.swift */ = {isa = PBXFileReference; lastKnownFileType = sourcecode.swift; path = JackAssSiteView.swift; sourceTree = "<group>"; };
		29EC9DFE2C593D2D005CC3C9 /* StatusBarView.swift */ = {isa = PBXFileReference; lastKnownFileType = sourcecode.swift; path = StatusBarView.swift; sourceTree = "<group>"; };
		29EC9E002C593F5C005CC3C9 /* PreHuntStatusBarView.swift */ = {isa = PBXFileReference; lastKnownFileType = sourcecode.swift; path = PreHuntStatusBarView.swift; sourceTree = "<group>"; };
		29EC9E022C593FDF005CC3C9 /* HuntStatusBarView.swift */ = {isa = PBXFileReference; lastKnownFileType = sourcecode.swift; path = HuntStatusBarView.swift; sourceTree = "<group>"; };
/* End PBXFileReference section */

/* Begin PBXFrameworksBuildPhase section */
		297C19692C514E5B00AEFE14 /* Frameworks */ = {
			isa = PBXFrameworksBuildPhase;
			buildActionMask = 2147483647;
			files = (
			);
			runOnlyForDeploymentPostprocessing = 0;
		};
/* End PBXFrameworksBuildPhase section */

/* Begin PBXGroup section */
		297C19632C514E5B00AEFE14 = {
			isa = PBXGroup;
			children = (
				297C196E2C514E5B00AEFE14 /* KickAss */,
				297C196D2C514E5B00AEFE14 /* Products */,
			);
			sourceTree = "<group>";
		};
		297C196D2C514E5B00AEFE14 /* Products */ = {
			isa = PBXGroup;
			children = (
				297C196C2C514E5B00AEFE14 /* KickAss.app */,
			);
			name = Products;
			sourceTree = "<group>";
		};
		297C196E2C514E5B00AEFE14 /* KickAss */ = {
			isa = PBXGroup;
			children = (
				297C196F2C514E5B00AEFE14 /* KickAssApp.swift */,
				297C197D2C514E7D00AEFE14 /* Models */,
				297C197E2C514EA300AEFE14 /* Views */,
				297C197F2C514F0900AEFE14 /* Services */,
				297C19732C514E5D00AEFE14 /* Assets.xcassets */,
				297C19752C514E5D00AEFE14 /* Preview Content */,
			);
			path = KickAss;
			sourceTree = "<group>";
		};
		297C19752C514E5D00AEFE14 /* Preview Content */ = {
			isa = PBXGroup;
			children = (
				297C19762C514E5D00AEFE14 /* Preview Assets.xcassets */,
			);
			path = "Preview Content";
			sourceTree = "<group>";
		};
		297C197D2C514E7D00AEFE14 /* Models */ = {
			isa = PBXGroup;
			children = (
				29D229062C51541000C3CDAF /* Globals.swift */,
				29D229082C515DE600C3CDAF /* GridModel.swift */,
				29D2290A2C516BBF00C3CDAF /* MapModel.swift */,
				29D2290C2C51B06E00C3CDAF /* SiteMarkerModel.swift */,
				29D229182C52ECC400C3CDAF /* CaliperModel.swift */,
				29D229202C52FB3F00C3CDAF /* NavigationModel.swift */,
				29D229362C53E62C00C3CDAF /* TimerModel.swift */,
				29D229322C534B0F00C3CDAF /* HuntInfoModel.swift */,
			);
			path = Models;
			sourceTree = "<group>";
		};
		297C197E2C514EA300AEFE14 /* Views */ = {
			isa = PBXGroup;
			children = (
				29D229382C53F57600C3CDAF /* ContentView.swift */,
				297C19802C51501300AEFE14 /* MapView.swift */,
				29D229122C52679200C3CDAF /* MapButtonsView.swift */,
				29D229142C526D6B00C3CDAF /* CrossHairView.swift */,
				29D229222C52FF4500C3CDAF /* NavigationView.swift */,
				29EC9DFB2C593BA6005CC3C9 /* StatusBarViews */,
				29EC9DFA2C593AFE005CC3C9 /* ControlsViews */,
				29D2293C2C54A3DE00C3CDAF /* SiteDetailViews */,
			);
			path = Views;
			sourceTree = "<group>";
		};
		297C197F2C514F0900AEFE14 /* Services */ = {
			isa = PBXGroup;
			children = (
				29D2291C2C52F80600C3CDAF /* LocationManager.swift */,
				29D229342C53E0A500C3CDAF /* MessageSender.swift */,
			);
			path = Services;
			sourceTree = "<group>";
		};
		29D2293C2C54A3DE00C3CDAF /* SiteDetailViews */ = {
			isa = PBXGroup;
			children = (
				29D229162C527D6C00C3CDAF /* SiteDetailView.swift */,
				29D2293D2C54A42500C3CDAF /* PossibleClueView.swift */,
				29D2293F2C54A8FA00C3CDAF /* FoundClueView.swift */,
				29D229412C55094E00C3CDAF /* CheckInView.swift */,
				29D229432C550BC600C3CDAF /* StartingClueView.swift */,
				29D229452C550D8600C3CDAF /* JackAssSiteView.swift */,
				29D2293A2C54536100C3CDAF /* ScrollButtonView.swift */,
			);
			path = SiteDetailViews;
			sourceTree = "<group>";
		};
		29EC9DFA2C593AFE005CC3C9 /* ControlsViews */ = {
			isa = PBXGroup;
			children = (
				29D229262C530D7800C3CDAF /* SettingsView.swift */,
				29D2291A2C52EE4300C3CDAF /* ControlsView.swift */,
				29D2292A2C531D7F00C3CDAF /* AppManagementView.swift */,
				29D2292C2C531E1A00C3CDAF /* HuntEditView.swift */,
				29D2291E2C52FA8200C3CDAF /* LocationDeniedView.swift */,
			);
			path = ControlsViews;
			sourceTree = "<group>";
		};
		29EC9DFB2C593BA6005CC3C9 /* StatusBarViews */ = {
			isa = PBXGroup;
			children = (
				29EC9DFE2C593D2D005CC3C9 /* StatusBarView.swift */,
				29EC9E002C593F5C005CC3C9 /* PreHuntStatusBarView.swift */,
				29EC9E022C593FDF005CC3C9 /* HuntStatusBarView.swift */,
			);
			path = StatusBarViews;
			sourceTree = "<group>";
		};
/* End PBXGroup section */

/* Begin PBXNativeTarget section */
		297C196B2C514E5B00AEFE14 /* KickAss */ = {
			isa = PBXNativeTarget;
			buildConfigurationList = 297C197A2C514E5D00AEFE14 /* Build configuration list for PBXNativeTarget "KickAss" */;
			buildPhases = (
				297C19682C514E5B00AEFE14 /* Sources */,
				297C19692C514E5B00AEFE14 /* Frameworks */,
				297C196A2C514E5B00AEFE14 /* Resources */,
			);
			buildRules = (
			);
			dependencies = (
			);
			name = KickAss;
			productName = KickAss;
			productReference = 297C196C2C514E5B00AEFE14 /* KickAss.app */;
			productType = "com.apple.product-type.application";
		};
/* End PBXNativeTarget section */

/* Begin PBXProject section */
		297C19642C514E5B00AEFE14 /* Project object */ = {
			isa = PBXProject;
			attributes = {
				BuildIndependentTargetsInParallel = 1;
				LastSwiftUpdateCheck = 1540;
				LastUpgradeCheck = 1540;
				TargetAttributes = {
					297C196B2C514E5B00AEFE14 = {
						CreatedOnToolsVersion = 15.4;
					};
				};
			};
			buildConfigurationList = 297C19672C514E5B00AEFE14 /* Build configuration list for PBXProject "KickAss" */;
			compatibilityVersion = "Xcode 14.0";
			developmentRegion = en;
			hasScannedForEncodings = 0;
			knownRegions = (
				en,
				Base,
			);
			mainGroup = 297C19632C514E5B00AEFE14;
			productRefGroup = 297C196D2C514E5B00AEFE14 /* Products */;
			projectDirPath = "";
			projectRoot = "";
			targets = (
				297C196B2C514E5B00AEFE14 /* KickAss */,
			);
		};
/* End PBXProject section */

/* Begin PBXResourcesBuildPhase section */
		297C196A2C514E5B00AEFE14 /* Resources */ = {
			isa = PBXResourcesBuildPhase;
			buildActionMask = 2147483647;
			files = (
				297C19772C514E5D00AEFE14 /* Preview Assets.xcassets in Resources */,
				297C19742C514E5D00AEFE14 /* Assets.xcassets in Resources */,
			);
			runOnlyForDeploymentPostprocessing = 0;
		};
/* End PBXResourcesBuildPhase section */

/* Begin PBXSourcesBuildPhase section */
		297C19682C514E5B00AEFE14 /* Sources */ = {
			isa = PBXSourcesBuildPhase;
			buildActionMask = 2147483647;
			files = (
				29D229172C527D6C00C3CDAF /* SiteDetailView.swift in Sources */,
				297C19812C51501300AEFE14 /* MapView.swift in Sources */,
				29D229392C53F57600C3CDAF /* ContentView.swift in Sources */,
				29D229212C52FB4000C3CDAF /* NavigationModel.swift in Sources */,
				29EC9E032C593FDF005CC3C9 /* HuntStatusBarView.swift in Sources */,
				29D229192C52ECC400C3CDAF /* CaliperModel.swift in Sources */,
				29D229152C526D6B00C3CDAF /* CrossHairView.swift in Sources */,
				29EC9DFF2C593D2D005CC3C9 /* StatusBarView.swift in Sources */,
				29D2292B2C531D8000C3CDAF /* AppManagementView.swift in Sources */,
				29D229272C530D7800C3CDAF /* SettingsView.swift in Sources */,
				29D229332C534B0F00C3CDAF /* HuntInfoModel.swift in Sources */,
				29D229442C550BC600C3CDAF /* StartingClueView.swift in Sources */,
				29EC9E012C593F5C005CC3C9 /* PreHuntStatusBarView.swift in Sources */,
				29D2291F2C52FA8200C3CDAF /* LocationDeniedView.swift in Sources */,
				29D2293E2C54A42500C3CDAF /* PossibleClueView.swift in Sources */,
				29D2291B2C52EE4300C3CDAF /* ControlsView.swift in Sources */,
				29D229462C550D8600C3CDAF /* JackAssSiteView.swift in Sources */,
				29D229372C53E62C00C3CDAF /* TimerModel.swift in Sources */,
				29D2290B2C516BBF00C3CDAF /* MapModel.swift in Sources */,
				29D2290D2C51B06E00C3CDAF /* SiteMarkerModel.swift in Sources */,
				29D229092C515DE600C3CDAF /* GridModel.swift in Sources */,
				29D229422C55094E00C3CDAF /* CheckInView.swift in Sources */,
				29D229402C54A8FA00C3CDAF /* FoundClueView.swift in Sources */,
				29D229352C53E0A500C3CDAF /* MessageSender.swift in Sources */,
				29D229232C52FF4500C3CDAF /* NavigationView.swift in Sources */,
				29D229072C51541000C3CDAF /* Globals.swift in Sources */,
				297C19702C514E5B00AEFE14 /* KickAssApp.swift in Sources */,
				29D2292D2C531E1A00C3CDAF /* HuntEditView.swift in Sources */,
				29D229132C52679200C3CDAF /* MapButtonsView.swift in Sources */,
				29D2291D2C52F80600C3CDAF /* LocationManager.swift in Sources */,
				29D2293B2C54536100C3CDAF /* ScrollButtonView.swift in Sources */,
			);
			runOnlyForDeploymentPostprocessing = 0;
		};
/* End PBXSourcesBuildPhase section */

/* Begin XCBuildConfiguration section */
		297C19782C514E5D00AEFE14 /* Debug */ = {
			isa = XCBuildConfiguration;
			buildSettings = {
				ALWAYS_SEARCH_USER_PATHS = NO;
				ASSETCATALOG_COMPILER_GENERATE_SWIFT_ASSET_SYMBOL_EXTENSIONS = YES;
				CLANG_ANALYZER_NONNULL = YES;
				CLANG_ANALYZER_NUMBER_OBJECT_CONVERSION = YES_AGGRESSIVE;
				CLANG_CXX_LANGUAGE_STANDARD = "gnu++20";
				CLANG_ENABLE_MODULES = YES;
				CLANG_ENABLE_OBJC_ARC = YES;
				CLANG_ENABLE_OBJC_WEAK = YES;
				CLANG_WARN_BLOCK_CAPTURE_AUTORELEASING = YES;
				CLANG_WARN_BOOL_CONVERSION = YES;
				CLANG_WARN_COMMA = YES;
				CLANG_WARN_CONSTANT_CONVERSION = YES;
				CLANG_WARN_DEPRECATED_OBJC_IMPLEMENTATIONS = YES;
				CLANG_WARN_DIRECT_OBJC_ISA_USAGE = YES_ERROR;
				CLANG_WARN_DOCUMENTATION_COMMENTS = YES;
				CLANG_WARN_EMPTY_BODY = YES;
				CLANG_WARN_ENUM_CONVERSION = YES;
				CLANG_WARN_INFINITE_RECURSION = YES;
				CLANG_WARN_INT_CONVERSION = YES;
				CLANG_WARN_NON_LITERAL_NULL_CONVERSION = YES;
				CLANG_WARN_OBJC_IMPLICIT_RETAIN_SELF = YES;
				CLANG_WARN_OBJC_LITERAL_CONVERSION = YES;
				CLANG_WARN_OBJC_ROOT_CLASS = YES_ERROR;
				CLANG_WARN_QUOTED_INCLUDE_IN_FRAMEWORK_HEADER = YES;
				CLANG_WARN_RANGE_LOOP_ANALYSIS = YES;
				CLANG_WARN_STRICT_PROTOTYPES = YES;
				CLANG_WARN_SUSPICIOUS_MOVE = YES;
				CLANG_WARN_UNGUARDED_AVAILABILITY = YES_AGGRESSIVE;
				CLANG_WARN_UNREACHABLE_CODE = YES;
				CLANG_WARN__DUPLICATE_METHOD_MATCH = YES;
				COPY_PHASE_STRIP = NO;
				DEBUG_INFORMATION_FORMAT = dwarf;
				ENABLE_STRICT_OBJC_MSGSEND = YES;
				ENABLE_TESTABILITY = YES;
				ENABLE_USER_SCRIPT_SANDBOXING = YES;
				GCC_C_LANGUAGE_STANDARD = gnu17;
				GCC_DYNAMIC_NO_PIC = NO;
				GCC_NO_COMMON_BLOCKS = YES;
				GCC_OPTIMIZATION_LEVEL = 0;
				GCC_PREPROCESSOR_DEFINITIONS = (
					"DEBUG=1",
					"$(inherited)",
				);
				GCC_WARN_64_TO_32_BIT_CONVERSION = YES;
				GCC_WARN_ABOUT_RETURN_TYPE = YES_ERROR;
				GCC_WARN_UNDECLARED_SELECTOR = YES;
				GCC_WARN_UNINITIALIZED_AUTOS = YES_AGGRESSIVE;
				GCC_WARN_UNUSED_FUNCTION = YES;
				GCC_WARN_UNUSED_VARIABLE = YES;
				IPHONEOS_DEPLOYMENT_TARGET = 17.5;
				LOCALIZATION_PREFERS_STRING_CATALOGS = YES;
				MTL_ENABLE_DEBUG_INFO = INCLUDE_SOURCE;
				MTL_FAST_MATH = YES;
				ONLY_ACTIVE_ARCH = YES;
				SDKROOT = iphoneos;
				SWIFT_ACTIVE_COMPILATION_CONDITIONS = "DEBUG $(inherited)";
				SWIFT_OPTIMIZATION_LEVEL = "-Onone";
			};
			name = Debug;
		};
		297C19792C514E5D00AEFE14 /* Release */ = {
			isa = XCBuildConfiguration;
			buildSettings = {
				ALWAYS_SEARCH_USER_PATHS = NO;
				ASSETCATALOG_COMPILER_GENERATE_SWIFT_ASSET_SYMBOL_EXTENSIONS = YES;
				CLANG_ANALYZER_NONNULL = YES;
				CLANG_ANALYZER_NUMBER_OBJECT_CONVERSION = YES_AGGRESSIVE;
				CLANG_CXX_LANGUAGE_STANDARD = "gnu++20";
				CLANG_ENABLE_MODULES = YES;
				CLANG_ENABLE_OBJC_ARC = YES;
				CLANG_ENABLE_OBJC_WEAK = YES;
				CLANG_WARN_BLOCK_CAPTURE_AUTORELEASING = YES;
				CLANG_WARN_BOOL_CONVERSION = YES;
				CLANG_WARN_COMMA = YES;
				CLANG_WARN_CONSTANT_CONVERSION = YES;
				CLANG_WARN_DEPRECATED_OBJC_IMPLEMENTATIONS = YES;
				CLANG_WARN_DIRECT_OBJC_ISA_USAGE = YES_ERROR;
				CLANG_WARN_DOCUMENTATION_COMMENTS = YES;
				CLANG_WARN_EMPTY_BODY = YES;
				CLANG_WARN_ENUM_CONVERSION = YES;
				CLANG_WARN_INFINITE_RECURSION = YES;
				CLANG_WARN_INT_CONVERSION = YES;
				CLANG_WARN_NON_LITERAL_NULL_CONVERSION = YES;
				CLANG_WARN_OBJC_IMPLICIT_RETAIN_SELF = YES;
				CLANG_WARN_OBJC_LITERAL_CONVERSION = YES;
				CLANG_WARN_OBJC_ROOT_CLASS = YES_ERROR;
				CLANG_WARN_QUOTED_INCLUDE_IN_FRAMEWORK_HEADER = YES;
				CLANG_WARN_RANGE_LOOP_ANALYSIS = YES;
				CLANG_WARN_STRICT_PROTOTYPES = YES;
				CLANG_WARN_SUSPICIOUS_MOVE = YES;
				CLANG_WARN_UNGUARDED_AVAILABILITY = YES_AGGRESSIVE;
				CLANG_WARN_UNREACHABLE_CODE = YES;
				CLANG_WARN__DUPLICATE_METHOD_MATCH = YES;
				COPY_PHASE_STRIP = NO;
				DEBUG_INFORMATION_FORMAT = "dwarf-with-dsym";
				ENABLE_NS_ASSERTIONS = NO;
				ENABLE_STRICT_OBJC_MSGSEND = YES;
				ENABLE_USER_SCRIPT_SANDBOXING = YES;
				GCC_C_LANGUAGE_STANDARD = gnu17;
				GCC_NO_COMMON_BLOCKS = YES;
				GCC_WARN_64_TO_32_BIT_CONVERSION = YES;
				GCC_WARN_ABOUT_RETURN_TYPE = YES_ERROR;
				GCC_WARN_UNDECLARED_SELECTOR = YES;
				GCC_WARN_UNINITIALIZED_AUTOS = YES_AGGRESSIVE;
				GCC_WARN_UNUSED_FUNCTION = YES;
				GCC_WARN_UNUSED_VARIABLE = YES;
				IPHONEOS_DEPLOYMENT_TARGET = 17.5;
				LOCALIZATION_PREFERS_STRING_CATALOGS = YES;
				MTL_ENABLE_DEBUG_INFO = NO;
				MTL_FAST_MATH = YES;
				SDKROOT = iphoneos;
				SWIFT_COMPILATION_MODE = wholemodule;
				VALIDATE_PRODUCT = YES;
			};
			name = Release;
		};
		297C197B2C514E5D00AEFE14 /* Debug */ = {
			isa = XCBuildConfiguration;
			buildSettings = {
				ASSETCATALOG_COMPILER_APPICON_NAME = AppIcon;
				ASSETCATALOG_COMPILER_GLOBAL_ACCENT_COLOR_NAME = AccentColor;
				CODE_SIGN_STYLE = Automatic;
				CURRENT_PROJECT_VERSION = 1;
				DEVELOPMENT_ASSET_PATHS = "\"KickAss/Preview Content\"";
				DEVELOPMENT_TEAM = 477527MZAP;
				ENABLE_PREVIEWS = YES;
				GENERATE_INFOPLIST_FILE = YES;
				INFOPLIST_KEY_NSLocationWhenInUseUsageDescription = "Location needed to route you to the clue sites!";
				INFOPLIST_KEY_UIApplicationSceneManifest_Generation = YES;
				INFOPLIST_KEY_UIApplicationSupportsIndirectInputEvents = YES;
				INFOPLIST_KEY_UILaunchScreen_Generation = YES;
				INFOPLIST_KEY_UISupportedInterfaceOrientations_iPad = "UIInterfaceOrientationPortrait UIInterfaceOrientationPortraitUpsideDown UIInterfaceOrientationLandscapeLeft UIInterfaceOrientationLandscapeRight";
				INFOPLIST_KEY_UISupportedInterfaceOrientations_iPhone = "UIInterfaceOrientationPortrait UIInterfaceOrientationLandscapeLeft UIInterfaceOrientationLandscapeRight";
				LD_RUNPATH_SEARCH_PATHS = (
					"$(inherited)",
					"@executable_path/Frameworks",
				);
				MARKETING_VERSION = 1.0;
				PRODUCT_BUNDLE_IDENTIFIER = com.InfiniteNovice.KickAss;
				PRODUCT_NAME = "$(TARGET_NAME)";
				SWIFT_EMIT_LOC_STRINGS = YES;
				SWIFT_VERSION = 5.0;
				TARGETED_DEVICE_FAMILY = "1,2";
			};
			name = Debug;
		};
		297C197C2C514E5D00AEFE14 /* Release */ = {
			isa = XCBuildConfiguration;
			buildSettings = {
				ASSETCATALOG_COMPILER_APPICON_NAME = AppIcon;
				ASSETCATALOG_COMPILER_GLOBAL_ACCENT_COLOR_NAME = AccentColor;
				CODE_SIGN_STYLE = Automatic;
				CURRENT_PROJECT_VERSION = 1;
				DEVELOPMENT_ASSET_PATHS = "\"KickAss/Preview Content\"";
				DEVELOPMENT_TEAM = 477527MZAP;
				ENABLE_PREVIEWS = YES;
				GENERATE_INFOPLIST_FILE = YES;
				INFOPLIST_KEY_NSLocationWhenInUseUsageDescription = "Location needed to route you to the clue sites!";
				INFOPLIST_KEY_UIApplicationSceneManifest_Generation = YES;
				INFOPLIST_KEY_UIApplicationSupportsIndirectInputEvents = YES;
				INFOPLIST_KEY_UILaunchScreen_Generation = YES;
				INFOPLIST_KEY_UISupportedInterfaceOrientations_iPad = "UIInterfaceOrientationPortrait UIInterfaceOrientationPortraitUpsideDown UIInterfaceOrientationLandscapeLeft UIInterfaceOrientationLandscapeRight";
				INFOPLIST_KEY_UISupportedInterfaceOrientations_iPhone = "UIInterfaceOrientationPortrait UIInterfaceOrientationLandscapeLeft UIInterfaceOrientationLandscapeRight";
				LD_RUNPATH_SEARCH_PATHS = (
					"$(inherited)",
					"@executable_path/Frameworks",
				);
				MARKETING_VERSION = 1.0;
				PRODUCT_BUNDLE_IDENTIFIER = com.InfiniteNovice.KickAss;
				PRODUCT_NAME = "$(TARGET_NAME)";
				SWIFT_EMIT_LOC_STRINGS = YES;
				SWIFT_VERSION = 5.0;
				TARGETED_DEVICE_FAMILY = "1,2";
			};
			name = Release;
		};
/* End XCBuildConfiguration section */

/* Begin XCConfigurationList section */
		297C19672C514E5B00AEFE14 /* Build configuration list for PBXProject "KickAss" */ = {
			isa = XCConfigurationList;
			buildConfigurations = (
				297C19782C514E5D00AEFE14 /* Debug */,
				297C19792C514E5D00AEFE14 /* Release */,
			);
			defaultConfigurationIsVisible = 0;
			defaultConfigurationName = Release;
		};
		297C197A2C514E5D00AEFE14 /* Build configuration list for PBXNativeTarget "KickAss" */ = {
			isa = XCConfigurationList;
			buildConfigurations = (
				297C197B2C514E5D00AEFE14 /* Debug */,
				297C197C2C514E5D00AEFE14 /* Release */,
			);
			defaultConfigurationIsVisible = 0;
			defaultConfigurationName = Release;
		};
/* End XCConfigurationList section */
	};
	rootObject = 297C19642C514E5B00AEFE14 /* Project object */;
}
